
Microsoft Visual Studio Solution File, Format Version 12.00
# Visual Studio Version 17
VisualStudioVersion = 17.6.33829.357
MinimumVisualStudioVersion = 10.0.40219.1
Project("{9A19103F-16F7-4668-BE54-9A1E7A4F7556}") = "PracticeProject", "PracticeProject\PracticeProject.csproj", "{E636D5B7-5D40-4C30-9878-8687626FEFF8}"
EndProject
Project("{FAE04EC0-301F-11D3-BF4B-00C04F79EFBC}") = "SeleniumProject", "SeleniumProject\SeleniumProject.csproj", "{3647901A-621E-45F5-8513-7125CA686CC1}"
EndProject
Global
	GlobalSection(SolutionConfigurationPlatforms) = preSolution
		Debug|Any CPU = Debug|Any CPU
		Release|Any CPU = Release|Any CPU
	EndGlobalSection
	GlobalSection(ProjectConfigurationPlatforms) = postSolution
		{E636D5B7-5D40-4C30-9878-8687626FEFF8}.Debug|Any CPU.ActiveCfg = Debug|Any CPU
		{E636D5B7-5D40-4C30-9878-8687626FEFF8}.Debug|Any CPU.Build.0 = Debug|Any CPU
		{E636D5B7-5D40-4C30-9878-8687626FEFF8}.Release|Any CPU.ActiveCfg = Release|Any CPU
		{E636D5B7-5D40-4C30-9878-8687626FEFF8}.Release|Any CPU.Build.0 = Release|Any CPU
		{3647901A-621E-45F5-8513-7125CA686CC1}.Debug|Any CPU.ActiveCfg = Debug|Any CPU
		{3647901A-621E-45F5-8513-7125CA686CC1}.Debug|Any CPU.Build.0 = Debug|Any CPU
		{3647901A-621E-45F5-8513-7125CA686CC1}.Release|Any CPU.ActiveCfg = Release|Any CPU
		{3647901A-621E-45F5-8513-7125CA686CC1}.Release|Any CPU.Build.0 = Release|Any CPU
	EndGlobalSection
	GlobalSection(SolutionProperties) = preSolution
		HideSolutionNode = FALSE
	EndGlobalSection
	GlobalSection(ExtensibilityGlobals) = postSolution
		SolutionGuid = {3633897B-C1E9-4BEB-BE5B-9EE317F89865}
	EndGlobalSection
EndGlobal
